// !$*UTF8*$!
{
	archiveVersion = 1;
	classes = {
	};
	objectVersion = 54;
	objects = {

/* Begin PBXBuildFile section */
		02AD75FAA211C341C6992163 /* Assets.xcassets in Resources */ = {isa = PBXBuildFile; fileRef = A0172AE78F5D928FB7C53209 /* Assets.xcassets */; };
		2C5D2F5E51CBF100A77D2FFE /* ContentView.swift in Sources */ = {isa = PBXBuildFile; fileRef = FAA42305E000338ABD032963 /* ContentView.swift */; };
		4F7C8C15AA76333B7C57B203 /* XCAssets.swift in Sources */ = {isa = PBXBuildFile; fileRef = 5B90AAF2CEEB9C4058E7D99A /* XCAssets.swift */; };
		7C364D687E817080B6B96DC7 /* Preview Assets.xcassets in Resources */ = {isa = PBXBuildFile; fileRef = E406B0A0BEA8C2026110BD41 /* Preview Assets.xcassets */; };
		85832E9EB068A8B91FE8D8CF /* RXKit in Frameworks */ = {isa = PBXBuildFile; productRef = 6280DF03820F0408367E6940 /* RXKit */; };
		D7E5FA3F45609DCF2396236C /* ExampleApp.swift in Sources */ = {isa = PBXBuildFile; fileRef = 2E8FF7A429ADA70844033BC5 /* ExampleApp.swift */; };
/* End PBXBuildFile section */

/* Begin PBXFileReference section */
		2E8FF7A429ADA70844033BC5 /* ExampleApp.swift */ = {isa = PBXFileReference; lastKnownFileType = sourcecode.swift; path = ExampleApp.swift; sourceTree = "<group>"; };
		5B90AAF2CEEB9C4058E7D99A /* XCAssets.swift */ = {isa = PBXFileReference; lastKnownFileType = sourcecode.swift; path = XCAssets.swift; sourceTree = "<group>"; };
		A0172AE78F5D928FB7C53209 /* Assets.xcassets */ = {isa = PBXFileReference; lastKnownFileType = folder.assetcatalog; path = Assets.xcassets; sourceTree = "<group>"; };
		B185D57EF3965CD22DF72BAE /* RXKit */ = {isa = PBXFileReference; lastKnownFileType = folder; name = RXKit; path = .; sourceTree = SOURCE_ROOT; };
		E406B0A0BEA8C2026110BD41 /* Preview Assets.xcassets */ = {isa = PBXFileReference; lastKnownFileType = folder.assetcatalog; path = "Preview Assets.xcassets"; sourceTree = "<group>"; };
		F6FE7BF0248FC2FF22A10D63 /* Example.app */ = {isa = PBXFileReference; includeInIndex = 0; lastKnownFileType = wrapper.application; path = Example.app; sourceTree = BUILT_PRODUCTS_DIR; };
		FAA42305E000338ABD032963 /* ContentView.swift */ = {isa = PBXFileReference; lastKnownFileType = sourcecode.swift; path = ContentView.swift; sourceTree = "<group>"; };
/* End PBXFileReference section */

/* Begin PBXFrameworksBuildPhase section */
		6307F751410376D3AF6C5126 /* Frameworks */ = {
			isa = PBXFrameworksBuildPhase;
			buildActionMask = 2147483647;
			files = (
				85832E9EB068A8B91FE8D8CF /* RXKit in Frameworks */,
			);
			runOnlyForDeploymentPostprocessing = 0;
		};
/* End PBXFrameworksBuildPhase section */

/* Begin PBXGroup section */
		12B9A666C278AB8CB5B6FA33 /* Packages */ = {
			isa = PBXGroup;
			children = (
				B185D57EF3965CD22DF72BAE /* RXKit */,
			);
			name = Packages;
			sourceTree = SOURCE_ROOT;
		};
		3031F8ABC084F8D43CC56342 /* Products */ = {
			isa = PBXGroup;
			children = (
				F6FE7BF0248FC2FF22A10D63 /* Example.app */,
			);
			name = Products;
			sourceTree = "<group>";
		};
		4F160DA0426D18FD4DFD3610 /* Example */ = {
			isa = PBXGroup;
			children = (
				2E8FF7A429ADA70844033BC5 /* ExampleApp.swift */,
				5B90AAF2CEEB9C4058E7D99A /* XCAssets.swift */,
				6D62AD0B8682295E2BDDC298 /* Assets */,
				8A8F132EE40CA7240C9571C4 /* Views */,
			);
			path = Example;
			sourceTree = "<group>";
		};
		54E0667A38E60354DB90F776 = {
			isa = PBXGroup;
			children = (
				4F160DA0426D18FD4DFD3610 /* Example */,
				12B9A666C278AB8CB5B6FA33 /* Packages */,
				3031F8ABC084F8D43CC56342 /* Products */,
			);
			sourceTree = "<group>";
		};
		6D62AD0B8682295E2BDDC298 /* Assets */ = {
			isa = PBXGroup;
			children = (
				A0172AE78F5D928FB7C53209 /* Assets.xcassets */,
				EBCA98A28F057DF7D518B157 /* Preview Content */,
			);
			path = Assets;
			sourceTree = "<group>";
		};
		8A8F132EE40CA7240C9571C4 /* Views */ = {
			isa = PBXGroup;
			children = (
				FAA42305E000338ABD032963 /* ContentView.swift */,
			);
			path = Views;
			sourceTree = "<group>";
		};
		EBCA98A28F057DF7D518B157 /* Preview Content */ = {
			isa = PBXGroup;
			children = (
				E406B0A0BEA8C2026110BD41 /* Preview Assets.xcassets */,
			);
			path = "Preview Content";
			sourceTree = "<group>";
		};
/* End PBXGroup section */

/* Begin PBXNativeTarget section */
		9878B5EABC7D83477291BAFC /* Example */ = {
			isa = PBXNativeTarget;
			buildConfigurationList = 2557384DB91FFBC8B78A3DC4 /* Build configuration list for PBXNativeTarget "Example" */;
			buildPhases = (
				2D1670B96BE26F485E8D3537 /* Swiftlint */,
				111FF52307B445A964A77FE3 /* Sources */,
				62B3F2DEDB2761A348989FA2 /* Swiftlint */,
				F6D7A45039F9699F86B7F544 /* Resources */,
				6307F751410376D3AF6C5126 /* Frameworks */,
			);
			buildRules = (
			);
			dependencies = (
			);
			name = Example;
			packageProductDependencies = (
				6280DF03820F0408367E6940 /* RXKit */,
			);
			productName = Example;
			productReference = F6FE7BF0248FC2FF22A10D63 /* Example.app */;
			productType = "com.apple.product-type.application";
		};
/* End PBXNativeTarget section */

/* Begin PBXProject section */
		CA8E1E974698BC95958F017F /* Project object */ = {
			isa = PBXProject;
			attributes = {
				LastUpgradeCheck = 1200;
			};
			buildConfigurationList = 36FC72E69D906F48675C62BF /* Build configuration list for PBXProject "Example" */;
			compatibilityVersion = "Xcode 10.0";
			developmentRegion = en;
			hasScannedForEncodings = 0;
			knownRegions = (
				Base,
				en,
			);
			mainGroup = 54E0667A38E60354DB90F776;
			projectDirPath = "";
			projectRoot = "";
			targets = (
				9878B5EABC7D83477291BAFC /* Example */,
			);
		};
/* End PBXProject section */

/* Begin PBXResourcesBuildPhase section */
		F6D7A45039F9699F86B7F544 /* Resources */ = {
			isa = PBXResourcesBuildPhase;
			buildActionMask = 2147483647;
			files = (
				02AD75FAA211C341C6992163 /* Assets.xcassets in Resources */,
				7C364D687E817080B6B96DC7 /* Preview Assets.xcassets in Resources */,
			);
			runOnlyForDeploymentPostprocessing = 0;
		};
/* End PBXResourcesBuildPhase section */

/* Begin PBXShellScriptBuildPhase section */
		2D1670B96BE26F485E8D3537 /* Swiftlint */ = {
			isa = PBXShellScriptBuildPhase;
			alwaysOutOfDate = 1;
			buildActionMask = 2147483647;
			files = (
			);
			inputFileListPaths = (
			);
			inputPaths = (
			);
			name = Swiftlint;
			outputFileListPaths = (
			);
			outputPaths = (
			);
			runOnlyForDeploymentPostprocessing = 0;
			shellPath = /bin/sh;
			shellScript = "if which swiftgen > /dev/null; then\n  swiftgen\nelse\n  echo \"warning: SwiftGen is not installed. brew install swiftgen\"\nfi\n";
		};
		62B3F2DEDB2761A348989FA2 /* Swiftlint */ = {
			isa = PBXShellScriptBuildPhase;
			alwaysOutOfDate = 1;
			buildActionMask = 2147483647;
			files = (
			);
			inputFileListPaths = (
			);
			inputPaths = (
			);
			name = Swiftlint;
			outputFileListPaths = (
			);
			outputPaths = (
			);
			runOnlyForDeploymentPostprocessing = 0;
			shellPath = /bin/sh;
			shellScript = "if which swiftlint > /dev/null; then\n  swiftlint\nelse\n  echo \"warning: SwiftLint not installed, download from https://github.com/realm/SwiftLint\"\nfi\n";
		};
/* End PBXShellScriptBuildPhase section */

/* Begin PBXSourcesBuildPhase section */
		111FF52307B445A964A77FE3 /* Sources */ = {
			isa = PBXSourcesBuildPhase;
			buildActionMask = 2147483647;
			files = (
				2C5D2F5E51CBF100A77D2FFE /* ContentView.swift in Sources */,
				D7E5FA3F45609DCF2396236C /* ExampleApp.swift in Sources */,
				4F7C8C15AA76333B7C57B203 /* XCAssets.swift in Sources */,
			);
			runOnlyForDeploymentPostprocessing = 0;
		};
/* End PBXSourcesBuildPhase section */

/* Begin XCBuildConfiguration section */
		398A5AFCD69E760DF19875AD /* Release */ = {
			isa = XCBuildConfiguration;
			buildSettings = {
				ALWAYS_SEARCH_USER_PATHS = NO;
				CLANG_ANALYZER_NONNULL = YES;
				CLANG_ANALYZER_NUMBER_OBJECT_CONVERSION = YES_AGGRESSIVE;
				CLANG_CXX_LANGUAGE_STANDARD = "gnu++14";
				CLANG_CXX_LIBRARY = "libc++";
				CLANG_ENABLE_MODULES = YES;
				CLANG_ENABLE_OBJC_ARC = YES;
				CLANG_ENABLE_OBJC_WEAK = YES;
				CLANG_WARN_BLOCK_CAPTURE_AUTORELEASING = YES;
				CLANG_WARN_BOOL_CONVERSION = YES;
				CLANG_WARN_COMMA = YES;
				CLANG_WARN_CONSTANT_CONVERSION = YES;
				CLANG_WARN_DEPRECATED_OBJC_IMPLEMENTATIONS = YES;
				CLANG_WARN_DIRECT_OBJC_ISA_USAGE = YES_ERROR;
				CLANG_WARN_DOCUMENTATION_COMMENTS = YES;
				CLANG_WARN_EMPTY_BODY = YES;
				CLANG_WARN_ENUM_CONVERSION = YES;
				CLANG_WARN_INFINITE_RECURSION = YES;
				CLANG_WARN_INT_CONVERSION = YES;
				CLANG_WARN_NON_LITERAL_NULL_CONVERSION = YES;
				CLANG_WARN_OBJC_IMPLICIT_RETAIN_SELF = YES;
				CLANG_WARN_OBJC_LITERAL_CONVERSION = YES;
				CLANG_WARN_OBJC_ROOT_CLASS = YES_ERROR;
				CLANG_WARN_QUOTED_INCLUDE_IN_FRAMEWORK_HEADER = YES;
				CLANG_WARN_RANGE_LOOP_ANALYSIS = YES;
				CLANG_WARN_STRICT_PROTOTYPES = YES;
				CLANG_WARN_SUSPICIOUS_MOVE = YES;
				CLANG_WARN_UNGUARDED_AVAILABILITY = YES_AGGRESSIVE;
				CLANG_WARN_UNREACHABLE_CODE = YES;
				CLANG_WARN__DUPLICATE_METHOD_MATCH = YES;
				COPY_PHASE_STRIP = NO;
				CURRENT_PROJECT_VERSION = 1;
				DEBUG_INFORMATION_FORMAT = "dwarf-with-dsym";
				ENABLE_NS_ASSERTIONS = NO;
				ENABLE_STRICT_OBJC_MSGSEND = YES;
				GCC_C_LANGUAGE_STANDARD = gnu11;
				GCC_NO_COMMON_BLOCKS = YES;
				GCC_WARN_64_TO_32_BIT_CONVERSION = YES;
				GCC_WARN_ABOUT_RETURN_TYPE = YES_ERROR;
				GCC_WARN_UNDECLARED_SELECTOR = YES;
				GCC_WARN_UNINITIALIZED_AUTOS = YES_AGGRESSIVE;
				GCC_WARN_UNUSED_FUNCTION = YES;
				GCC_WARN_UNUSED_VARIABLE = YES;
				IPHONEOS_DEPLOYMENT_TARGET = 14.0;
				MARKETING_VERSION = 1.0.0;
				MTL_ENABLE_DEBUG_INFO = NO;
				MTL_FAST_MATH = YES;
				PRODUCT_NAME = "$(TARGET_NAME)";
				SDKROOT = iphoneos;
				SWIFT_COMPILATION_MODE = wholemodule;
				SWIFT_OPTIMIZATION_LEVEL = "-O";
				SWIFT_VERSION = 5.0;
			};
			name = Release;
		};
		6ABAA1DE6625CDA89D5F4C14 /* Release */ = {
			isa = XCBuildConfiguration;
			buildSettings = {
				ASSETCATALOG_COMPILER_APPICON_NAME = AppIcon;
				CODE_SIGN_IDENTITY = "iPhone Developer";
				DEVELOPMENT_ASSET_PATHS = "\"Example/Assets/Preview Content\"";
				ENABLE_PREVIEWS = YES;
				GENERATE_INFOPLIST_FILE = YES;
				INFOPLIST_KEY_UIApplicationSceneManifest_Generation = YES;
				INFOPLIST_KEY_UILaunchScreen_Generation = YES;
				LD_RUNPATH_SEARCH_PATHS = (
					"$(inherited)",
					"@executable_path/Frameworks",
				);
				PRODUCT_BUNDLE_IDENTIFIER = com.github.yaochenfeng.Example;
				SDKROOT = iphoneos;
				TARGETED_DEVICE_FAMILY = "1,2";
			};
			name = Release;
		};
		6F2752D853BD4392F414E20B /* Debug */ = {
			isa = XCBuildConfiguration;
			buildSettings = {
				ASSETCATALOG_COMPILER_APPICON_NAME = AppIcon;
				CODE_SIGN_IDENTITY = "iPhone Developer";
				DEVELOPMENT_ASSET_PATHS = "\"Example/Assets/Preview Content\"";
				ENABLE_PREVIEWS = YES;
				GENERATE_INFOPLIST_FILE = YES;
				INFOPLIST_KEY_UIApplicationSceneManifest_Generation = YES;
				INFOPLIST_KEY_UILaunchScreen_Generation = YES;
				LD_RUNPATH_SEARCH_PATHS = (
					"$(inherited)",
					"@executable_path/Frameworks",
				);
				PRODUCT_BUNDLE_IDENTIFIER = com.github.yaochenfeng.Example;
				SDKROOT = iphoneos;
				TARGETED_DEVICE_FAMILY = "1,2";
			};
			name = Debug;
		};
		F92DAFD0CD6CB829E820A349 /* Debug */ = {
			isa = XCBuildConfiguration;
			buildSettings = {
				ALWAYS_SEARCH_USER_PATHS = NO;
				CLANG_ANALYZER_NONNULL = YES;
				CLANG_ANALYZER_NUMBER_OBJECT_CONVERSION = YES_AGGRESSIVE;
				CLANG_CXX_LANGUAGE_STANDARD = "gnu++14";
				CLANG_CXX_LIBRARY = "libc++";
				CLANG_ENABLE_MODULES = YES;
				CLANG_ENABLE_OBJC_ARC = YES;
				CLANG_ENABLE_OBJC_WEAK = YES;
				CLANG_WARN_BLOCK_CAPTURE_AUTORELEASING = YES;
				CLANG_WARN_BOOL_CONVERSION = YES;
				CLANG_WARN_COMMA = YES;
				CLANG_WARN_CONSTANT_CONVERSION = YES;
				CLANG_WARN_DEPRECATED_OBJC_IMPLEMENTATIONS = YES;
				CLANG_WARN_DIRECT_OBJC_ISA_USAGE = YES_ERROR;
				CLANG_WARN_DOCUMENTATION_COMMENTS = YES;
				CLANG_WARN_EMPTY_BODY = YES;
				CLANG_WARN_ENUM_CONVERSION = YES;
				CLANG_WARN_INFINITE_RECURSION = YES;
				CLANG_WARN_INT_CONVERSION = YES;
				CLANG_WARN_NON_LITERAL_NULL_CONVERSION = YES;
				CLANG_WARN_OBJC_IMPLICIT_RETAIN_SELF = YES;
				CLANG_WARN_OBJC_LITERAL_CONVERSION = YES;
				CLANG_WARN_OBJC_ROOT_CLASS = YES_ERROR;
				CLANG_WARN_QUOTED_INCLUDE_IN_FRAMEWORK_HEADER = YES;
				CLANG_WARN_RANGE_LOOP_ANALYSIS = YES;
				CLANG_WARN_STRICT_PROTOTYPES = YES;
				CLANG_WARN_SUSPICIOUS_MOVE = YES;
				CLANG_WARN_UNGUARDED_AVAILABILITY = YES_AGGRESSIVE;
				CLANG_WARN_UNREACHABLE_CODE = YES;
				CLANG_WARN__DUPLICATE_METHOD_MATCH = YES;
				COPY_PHASE_STRIP = NO;
				CURRENT_PROJECT_VERSION = 1;
				DEBUG_INFORMATION_FORMAT = dwarf;
				ENABLE_STRICT_OBJC_MSGSEND = YES;
				ENABLE_TESTABILITY = YES;
				GCC_C_LANGUAGE_STANDARD = gnu11;
				GCC_DYNAMIC_NO_PIC = NO;
				GCC_NO_COMMON_BLOCKS = YES;
				GCC_OPTIMIZATION_LEVEL = 0;
				GCC_PREPROCESSOR_DEFINITIONS = (
					"$(inherited)",
					"DEBUG=1",
				);
				GCC_WARN_64_TO_32_BIT_CONVERSION = YES;
				GCC_WARN_ABOUT_RETURN_TYPE = YES_ERROR;
				GCC_WARN_UNDECLARED_SELECTOR = YES;
				GCC_WARN_UNINITIALIZED_AUTOS = YES_AGGRESSIVE;
				GCC_WARN_UNUSED_FUNCTION = YES;
				GCC_WARN_UNUSED_VARIABLE = YES;
				IPHONEOS_DEPLOYMENT_TARGET = 14.0;
				MARKETING_VERSION = 1.0.0;
				MTL_ENABLE_DEBUG_INFO = INCLUDE_SOURCE;
				MTL_FAST_MATH = YES;
				ONLY_ACTIVE_ARCH = YES;
				PRODUCT_NAME = "$(TARGET_NAME)";
				SDKROOT = iphoneos;
				SWIFT_ACTIVE_COMPILATION_CONDITIONS = DEBUG;
				SWIFT_OPTIMIZATION_LEVEL = "-Onone";
				SWIFT_VERSION = 5.0;
			};
			name = Debug;
		};
/* End XCBuildConfiguration section */

/* Begin XCConfigurationList section */
		2557384DB91FFBC8B78A3DC4 /* Build configuration list for PBXNativeTarget "Example" */ = {
			isa = XCConfigurationList;
			buildConfigurations = (
				6F2752D853BD4392F414E20B /* Debug */,
				6ABAA1DE6625CDA89D5F4C14 /* Release */,
			);
			defaultConfigurationIsVisible = 0;
			defaultConfigurationName = Debug;
		};
		36FC72E69D906F48675C62BF /* Build configuration list for PBXProject "Example" */ = {
			isa = XCConfigurationList;
			buildConfigurations = (
				F92DAFD0CD6CB829E820A349 /* Debug */,
				398A5AFCD69E760DF19875AD /* Release */,
			);
			defaultConfigurationIsVisible = 0;
			defaultConfigurationName = Debug;
		};
/* End XCConfigurationList section */

/* Begin XCSwiftPackageProductDependency section */
		6280DF03820F0408367E6940 /* RXKit */ = {
			isa = XCSwiftPackageProductDependency;
			productName = RXKit;
		};
/* End XCSwiftPackageProductDependency section */
	};
	rootObject = CA8E1E974698BC95958F017F /* Project object */;
}
