// !$*UTF8*$!
{
	archiveVersion = 1;
	classes = {
	};
	objectVersion = 51;
	objects = {

/* Begin PBXBuildFile section */
		0C7598158EC1BB776691C498 /* AppDelegate.swift in Sources */ = {isa = PBXBuildFile; fileRef = A1625F29E91F7B9DA6690E5F /* AppDelegate.swift */; };
		1BAE5EC277FEE43C07AB0E7C /* LaunchScreen.storyboard in Resources */ = {isa = PBXBuildFile; fileRef = 16A344D9FE16DB65FFDFB497 /* LaunchScreen.storyboard */; };
		2A47E81E759FA0A1E321BE2D /* Assets.swift in Sources */ = {isa = PBXBuildFile; fileRef = 31C2BFC9E59893EF58E0616A /* Assets.swift */; };
		334EBBE4944C26A916B73A34 /* App+root.swift in Sources */ = {isa = PBXBuildFile; fileRef = AC3B4E441690CF3ADAABF6F8 /* App+root.swift */; };
		5B25804D318F8912EFFF81DD /* SceneDelegate.swift in Sources */ = {isa = PBXBuildFile; fileRef = 57D7109850AA6EC233B74969 /* SceneDelegate.swift */; };
		61ED59AFF4CAAFE8BE7794CA /* App.swift in Sources */ = {isa = PBXBuildFile; fileRef = 691C8786C357E4C66190D6CE /* App.swift */; };
		69E33DBBFF498F45DD588571 /* RoutePageView.swift in Sources */ = {isa = PBXBuildFile; fileRef = 24C10D07CCC3224530AA3F56 /* RoutePageView.swift */; };
		79BFE8A9A2107DB6F0D3D50B /* RXNavigationController.swift in Sources */ = {isa = PBXBuildFile; fileRef = 35B5907809295694AE75DCC4 /* RXNavigationController.swift */; };
		D5231B70259C987FF9FBE519 /* Pods_Example.framework in Frameworks */ = {isa = PBXBuildFile; fileRef = F5244DED268233B880335A65 /* Pods_Example.framework */; };
		F82B33E97AF11C2D5D9A659A /* Assets.xcassets in Resources */ = {isa = PBXBuildFile; fileRef = 5C9BA92B4C370D66B9AB0595 /* Assets.xcassets */; };
/* End PBXBuildFile section */

/* Begin PBXFileReference section */
		188233451CACDA0BD0F75DA7 /* Pods-Example.debug.xcconfig */ = {isa = PBXFileReference; includeInIndex = 1; lastKnownFileType = text.xcconfig; name = "Pods-Example.debug.xcconfig"; path = "Target Support Files/Pods-Example/Pods-Example.debug.xcconfig"; sourceTree = "<group>"; };
		24C10D07CCC3224530AA3F56 /* RoutePageView.swift */ = {isa = PBXFileReference; lastKnownFileType = sourcecode.swift; path = RoutePageView.swift; sourceTree = "<group>"; };
		31C2BFC9E59893EF58E0616A /* Assets.swift */ = {isa = PBXFileReference; lastKnownFileType = sourcecode.swift; path = Assets.swift; sourceTree = "<group>"; };
		35B5907809295694AE75DCC4 /* RXNavigationController.swift */ = {isa = PBXFileReference; lastKnownFileType = sourcecode.swift; path = RXNavigationController.swift; sourceTree = "<group>"; };
		57D7109850AA6EC233B74969 /* SceneDelegate.swift */ = {isa = PBXFileReference; lastKnownFileType = sourcecode.swift; path = SceneDelegate.swift; sourceTree = "<group>"; };
		5C9BA92B4C370D66B9AB0595 /* Assets.xcassets */ = {isa = PBXFileReference; lastKnownFileType = folder.assetcatalog; path = Assets.xcassets; sourceTree = "<group>"; };
		5F3751402B1674023FAF5E05 /* Pods-Example.release.xcconfig */ = {isa = PBXFileReference; includeInIndex = 1; lastKnownFileType = text.xcconfig; name = "Pods-Example.release.xcconfig"; path = "Target Support Files/Pods-Example/Pods-Example.release.xcconfig"; sourceTree = "<group>"; };
		691C8786C357E4C66190D6CE /* App.swift */ = {isa = PBXFileReference; lastKnownFileType = sourcecode.swift; path = App.swift; sourceTree = "<group>"; };
		A1625F29E91F7B9DA6690E5F /* AppDelegate.swift */ = {isa = PBXFileReference; lastKnownFileType = sourcecode.swift; path = AppDelegate.swift; sourceTree = "<group>"; };
		AC3B4E441690CF3ADAABF6F8 /* App+root.swift */ = {isa = PBXFileReference; lastKnownFileType = sourcecode.swift; path = "App+root.swift"; sourceTree = "<group>"; };
		DFCEAAE68600F9CA99294FFC /* Base */ = {isa = PBXFileReference; lastKnownFileType = file.storyboard; name = Base; path = Base.lproj/LaunchScreen.storyboard; sourceTree = "<group>"; };
		F5244DED268233B880335A65 /* Pods_Example.framework */ = {isa = PBXFileReference; explicitFileType = wrapper.framework; includeInIndex = 0; path = Pods_Example.framework; sourceTree = BUILT_PRODUCTS_DIR; };
		F6FE7BF0248FC2FF22A10D63 /* Example.app */ = {isa = PBXFileReference; includeInIndex = 0; lastKnownFileType = wrapper.application; path = Example.app; sourceTree = BUILT_PRODUCTS_DIR; };
/* End PBXFileReference section */

/* Begin PBXFrameworksBuildPhase section */
		58885F14CE184AAB21B8EEDA /* Frameworks */ = {
			isa = PBXFrameworksBuildPhase;
			buildActionMask = 2147483647;
			files = (
				D5231B70259C987FF9FBE519 /* Pods_Example.framework in Frameworks */,
			);
			runOnlyForDeploymentPostprocessing = 0;
		};
/* End PBXFrameworksBuildPhase section */

/* Begin PBXGroup section */
		27908FB6EAEEE481A5C431AC /* Frameworks */ = {
			isa = PBXGroup;
			children = (
				F5244DED268233B880335A65 /* Pods_Example.framework */,
			);
			name = Frameworks;
			sourceTree = "<group>";
		};
		3031F8ABC084F8D43CC56342 /* Products */ = {
			isa = PBXGroup;
			children = (
				F6FE7BF0248FC2FF22A10D63 /* Example.app */,
			);
			name = Products;
			sourceTree = "<group>";
		};
		4E423204FBB19D0572DEF8E9 /* Generated */ = {
			isa = PBXGroup;
			children = (
				31C2BFC9E59893EF58E0616A /* Assets.swift */,
			);
			path = Generated;
			sourceTree = "<group>";
		};
		4F160DA0426D18FD4DFD3610 /* Example */ = {
			isa = PBXGroup;
			children = (
				691C8786C357E4C66190D6CE /* App.swift */,
				EB418B954CE6DA48A925ED64 /* Business */,
				5864B01FD5FB35CB51A77583 /* Common */,
				F312E3D139A512DA7D1ECE0B /* Resources */,
			);
			path = Example;
			sourceTree = "<group>";
		};
		54E0667A38E60354DB90F776 = {
			isa = PBXGroup;
			children = (
				4F160DA0426D18FD4DFD3610 /* Example */,
				3031F8ABC084F8D43CC56342 /* Products */,
				8DC374BB7B6F643764BB018C /* Pods */,
				27908FB6EAEEE481A5C431AC /* Frameworks */,
			);
			sourceTree = "<group>";
		};
		56964BB6CBAEB6F3A9CA409A /* Controller */ = {
			isa = PBXGroup;
			children = (
				35B5907809295694AE75DCC4 /* RXNavigationController.swift */,
			);
			path = Controller;
			sourceTree = "<group>";
		};
		5864B01FD5FB35CB51A77583 /* Common */ = {
			isa = PBXGroup;
			children = (
				A1625F29E91F7B9DA6690E5F /* AppDelegate.swift */,
				57D7109850AA6EC233B74969 /* SceneDelegate.swift */,
				56964BB6CBAEB6F3A9CA409A /* Controller */,
				AA157E1A27F9B6D4E705F3AB /* View */,
			);
			path = Common;
			sourceTree = "<group>";
		};
		8DC374BB7B6F643764BB018C /* Pods */ = {
			isa = PBXGroup;
			children = (
				188233451CACDA0BD0F75DA7 /* Pods-Example.debug.xcconfig */,
				5F3751402B1674023FAF5E05 /* Pods-Example.release.xcconfig */,
			);
			name = Pods;
			path = Pods;
			sourceTree = "<group>";
		};
		AA157E1A27F9B6D4E705F3AB /* View */ = {
			isa = PBXGroup;
			children = (
				24C10D07CCC3224530AA3F56 /* RoutePageView.swift */,
			);
			path = View;
			sourceTree = "<group>";
		};
		EB418B954CE6DA48A925ED64 /* Business */ = {
			isa = PBXGroup;
			children = (
				AC3B4E441690CF3ADAABF6F8 /* App+root.swift */,
			);
			path = Business;
			sourceTree = "<group>";
		};
		F312E3D139A512DA7D1ECE0B /* Resources */ = {
			isa = PBXGroup;
			children = (
				5C9BA92B4C370D66B9AB0595 /* Assets.xcassets */,
				16A344D9FE16DB65FFDFB497 /* LaunchScreen.storyboard */,
				4E423204FBB19D0572DEF8E9 /* Generated */,
			);
			path = Resources;
			sourceTree = "<group>";
		};
/* End PBXGroup section */

/* Begin PBXNativeTarget section */
		9878B5EABC7D83477291BAFC /* Example */ = {
			isa = PBXNativeTarget;
			buildConfigurationList = 2557384DB91FFBC8B78A3DC4 /* Build configuration list for PBXNativeTarget "Example" */;
			buildPhases = (
				29D80D98BCEA986E9530947C /* [CP] Check Pods Manifest.lock */,
				319F234079598742E7CCABCC /* lintAndGen */,
				111FF52307B445A964A77FE3 /* Sources */,
				F6D7A45039F9699F86B7F544 /* Resources */,
				58885F14CE184AAB21B8EEDA /* Frameworks */,
				15CE264147AA9D2AFF393AAF /* [CP] Copy Pods Resources */,
			);
			buildRules = (
			);
			dependencies = (
			);
			name = Example;
			productName = Example;
			productReference = F6FE7BF0248FC2FF22A10D63 /* Example.app */;
			productType = "com.apple.product-type.application";
		};
/* End PBXNativeTarget section */

/* Begin PBXProject section */
		CA8E1E974698BC95958F017F /* Project object */ = {
			isa = PBXProject;
			attributes = {
				LastUpgradeCheck = 1200;
				TargetAttributes = {
				};
			};
			buildConfigurationList = 36FC72E69D906F48675C62BF /* Build configuration list for PBXProject "Example" */;
			compatibilityVersion = "Xcode 10.0";
			developmentRegion = en;
			hasScannedForEncodings = 0;
			knownRegions = (
				Base,
				en,
			);
			mainGroup = 54E0667A38E60354DB90F776;
			productRefGroup = 3031F8ABC084F8D43CC56342 /* Products */;
			projectDirPath = "";
			projectRoot = "";
			targets = (
				9878B5EABC7D83477291BAFC /* Example */,
			);
		};
/* End PBXProject section */

/* Begin PBXResourcesBuildPhase section */
		F6D7A45039F9699F86B7F544 /* Resources */ = {
			isa = PBXResourcesBuildPhase;
			buildActionMask = 2147483647;
			files = (
				F82B33E97AF11C2D5D9A659A /* Assets.xcassets in Resources */,
				1BAE5EC277FEE43C07AB0E7C /* LaunchScreen.storyboard in Resources */,
			);
			runOnlyForDeploymentPostprocessing = 0;
		};
/* End PBXResourcesBuildPhase section */

/* Begin PBXShellScriptBuildPhase section */
		15CE264147AA9D2AFF393AAF /* [CP] Copy Pods Resources */ = {
			isa = PBXShellScriptBuildPhase;
			buildActionMask = 2147483647;
			files = (
			);
			inputFileListPaths = (
				"${PODS_ROOT}/Target Support Files/Pods-Example/Pods-Example-resources-${CONFIGURATION}-input-files.xcfilelist",
			);
			name = "[CP] Copy Pods Resources";
			outputFileListPaths = (
				"${PODS_ROOT}/Target Support Files/Pods-Example/Pods-Example-resources-${CONFIGURATION}-output-files.xcfilelist",
			);
			runOnlyForDeploymentPostprocessing = 0;
			shellPath = /bin/sh;
			shellScript = "\"${PODS_ROOT}/Target Support Files/Pods-Example/Pods-Example-resources.sh\"\n";
			showEnvVarsInLog = 0;
		};
		29D80D98BCEA986E9530947C /* [CP] Check Pods Manifest.lock */ = {
			isa = PBXShellScriptBuildPhase;
			buildActionMask = 2147483647;
			files = (
			);
			inputFileListPaths = (
			);
			inputPaths = (
				"${PODS_PODFILE_DIR_PATH}/Podfile.lock",
				"${PODS_ROOT}/Manifest.lock",
			);
			name = "[CP] Check Pods Manifest.lock";
			outputFileListPaths = (
			);
			outputPaths = (
				"$(DERIVED_FILE_DIR)/Pods-Example-checkManifestLockResult.txt",
			);
			runOnlyForDeploymentPostprocessing = 0;
			shellPath = /bin/sh;
			shellScript = "diff \"${PODS_PODFILE_DIR_PATH}/Podfile.lock\" \"${PODS_ROOT}/Manifest.lock\" > /dev/null\nif [ $? != 0 ] ; then\n    # print error to STDERR\n    echo \"error: The sandbox is not in sync with the Podfile.lock. Run 'pod install' or update your CocoaPods installation.\" >&2\n    exit 1\nfi\n# This output is used by Xcode 'outputs' to avoid re-running this script phase.\necho \"SUCCESS\" > \"${SCRIPT_OUTPUT_FILE_0}\"\n";
			showEnvVarsInLog = 0;
		};
		319F234079598742E7CCABCC /* lintAndGen */ = {
			isa = PBXShellScriptBuildPhase;
			alwaysOutOfDate = 1;
			buildActionMask = 2147483647;
			files = (
			);
			inputFileListPaths = (
			);
			inputPaths = (
			);
			name = lintAndGen;
			outputFileListPaths = (
			);
			outputPaths = (
			);
			runOnlyForDeploymentPostprocessing = 0;
			shellPath = /bin/sh;
			shellScript = "${PODS_ROOT}/SwiftGen/bin/swiftgen && ${PODS_ROOT}/SwiftLint/swiftlint";
		};
/* End PBXShellScriptBuildPhase section */

/* Begin PBXSourcesBuildPhase section */
		111FF52307B445A964A77FE3 /* Sources */ = {
			isa = PBXSourcesBuildPhase;
			buildActionMask = 2147483647;
			files = (
				334EBBE4944C26A916B73A34 /* App+root.swift in Sources */,
				61ED59AFF4CAAFE8BE7794CA /* App.swift in Sources */,
				0C7598158EC1BB776691C498 /* AppDelegate.swift in Sources */,
				2A47E81E759FA0A1E321BE2D /* Assets.swift in Sources */,
				79BFE8A9A2107DB6F0D3D50B /* RXNavigationController.swift in Sources */,
				69E33DBBFF498F45DD588571 /* RoutePageView.swift in Sources */,
				5B25804D318F8912EFFF81DD /* SceneDelegate.swift in Sources */,
			);
			runOnlyForDeploymentPostprocessing = 0;
		};
/* End PBXSourcesBuildPhase section */

/* Begin PBXVariantGroup section */
		16A344D9FE16DB65FFDFB497 /* LaunchScreen.storyboard */ = {
			isa = PBXVariantGroup;
			children = (
				DFCEAAE68600F9CA99294FFC /* Base */,
			);
			name = LaunchScreen.storyboard;
			sourceTree = "<group>";
		};
/* End PBXVariantGroup section */

/* Begin XCBuildConfiguration section */
		398A5AFCD69E760DF19875AD /* Release */ = {
			isa = XCBuildConfiguration;
			buildSettings = {
				ALWAYS_SEARCH_USER_PATHS = NO;
				CLANG_ANALYZER_NONNULL = YES;
				CLANG_ANALYZER_NUMBER_OBJECT_CONVERSION = YES_AGGRESSIVE;
				CLANG_CXX_LANGUAGE_STANDARD = "gnu++14";
				CLANG_CXX_LIBRARY = "libc++";
				CLANG_ENABLE_MODULES = YES;
				CLANG_ENABLE_OBJC_ARC = YES;
				CLANG_ENABLE_OBJC_WEAK = YES;
				CLANG_WARN_BLOCK_CAPTURE_AUTORELEASING = YES;
				CLANG_WARN_BOOL_CONVERSION = YES;
				CLANG_WARN_COMMA = YES;
				CLANG_WARN_CONSTANT_CONVERSION = YES;
				CLANG_WARN_DEPRECATED_OBJC_IMPLEMENTATIONS = YES;
				CLANG_WARN_DIRECT_OBJC_ISA_USAGE = YES_ERROR;
				CLANG_WARN_DOCUMENTATION_COMMENTS = YES;
				CLANG_WARN_EMPTY_BODY = YES;
				CLANG_WARN_ENUM_CONVERSION = YES;
				CLANG_WARN_INFINITE_RECURSION = YES;
				CLANG_WARN_INT_CONVERSION = YES;
				CLANG_WARN_NON_LITERAL_NULL_CONVERSION = YES;
				CLANG_WARN_OBJC_IMPLICIT_RETAIN_SELF = YES;
				CLANG_WARN_OBJC_LITERAL_CONVERSION = YES;
				CLANG_WARN_OBJC_ROOT_CLASS = YES_ERROR;
				CLANG_WARN_QUOTED_INCLUDE_IN_FRAMEWORK_HEADER = YES;
				CLANG_WARN_RANGE_LOOP_ANALYSIS = YES;
				CLANG_WARN_STRICT_PROTOTYPES = YES;
				CLANG_WARN_SUSPICIOUS_MOVE = YES;
				CLANG_WARN_UNGUARDED_AVAILABILITY = YES_AGGRESSIVE;
				CLANG_WARN_UNREACHABLE_CODE = YES;
				CLANG_WARN__DUPLICATE_METHOD_MATCH = YES;
				COPY_PHASE_STRIP = NO;
				CURRENT_PROJECT_VERSION = 1;
				DEBUG_INFORMATION_FORMAT = "dwarf-with-dsym";
				ENABLE_NS_ASSERTIONS = NO;
				ENABLE_STRICT_OBJC_MSGSEND = YES;
				GCC_C_LANGUAGE_STANDARD = gnu11;
				GCC_NO_COMMON_BLOCKS = YES;
				GCC_WARN_64_TO_32_BIT_CONVERSION = YES;
				GCC_WARN_ABOUT_RETURN_TYPE = YES_ERROR;
				GCC_WARN_UNDECLARED_SELECTOR = YES;
				GCC_WARN_UNINITIALIZED_AUTOS = YES_AGGRESSIVE;
				GCC_WARN_UNUSED_FUNCTION = YES;
				GCC_WARN_UNUSED_VARIABLE = YES;
				IPHONEOS_DEPLOYMENT_TARGET = 12.0;
				MARKETING_VERSION = 1.0.0;
				MTL_ENABLE_DEBUG_INFO = NO;
				MTL_FAST_MATH = YES;
				PRODUCT_NAME = "$(TARGET_NAME)";
				SDKROOT = iphoneos;
				SWIFT_COMPILATION_MODE = wholemodule;
				SWIFT_OPTIMIZATION_LEVEL = "-O";
				SWIFT_VERSION = 5.0;
			};
			name = Release;
		};
		6ABAA1DE6625CDA89D5F4C14 /* Release */ = {
			isa = XCBuildConfiguration;
			baseConfigurationReference = 5F3751402B1674023FAF5E05 /* Pods-Example.release.xcconfig */;
			buildSettings = {
				ASSETCATALOG_COMPILER_APPICON_NAME = AppIcon;
				CODE_SIGN_IDENTITY = "iPhone Developer";
				ENABLE_PREVIEWS = YES;
				GENERATE_INFOPLIST_FILE = YES;
				INFOPLIST_KEY_UIApplicationSceneManifest_Generation = YES;
				INFOPLIST_KEY_UIApplicationSupportsIndirectInputEvents = YES;
				INFOPLIST_KEY_UILaunchStoryboardName = LaunchScreen;
				LD_RUNPATH_SEARCH_PATHS = (
					"$(inherited)",
					"@executable_path/Frameworks",
				);
				PRODUCT_BUNDLE_IDENTIFIER = com.github.yaochenfeng.Example;
				SDKROOT = iphoneos;
				TARGETED_DEVICE_FAMILY = "1,2";
			};
			name = Release;
		};
		6F2752D853BD4392F414E20B /* Debug */ = {
			isa = XCBuildConfiguration;
			baseConfigurationReference = 188233451CACDA0BD0F75DA7 /* Pods-Example.debug.xcconfig */;
			buildSettings = {
				ASSETCATALOG_COMPILER_APPICON_NAME = AppIcon;
				CODE_SIGN_IDENTITY = "iPhone Developer";
				ENABLE_PREVIEWS = YES;
				GENERATE_INFOPLIST_FILE = YES;
				INFOPLIST_KEY_UIApplicationSceneManifest_Generation = YES;
				INFOPLIST_KEY_UIApplicationSupportsIndirectInputEvents = YES;
				INFOPLIST_KEY_UILaunchStoryboardName = LaunchScreen;
				LD_RUNPATH_SEARCH_PATHS = (
					"$(inherited)",
					"@executable_path/Frameworks",
				);
				PRODUCT_BUNDLE_IDENTIFIER = com.github.yaochenfeng.Example;
				SDKROOT = iphoneos;
				TARGETED_DEVICE_FAMILY = "1,2";
			};
			name = Debug;
		};
		F92DAFD0CD6CB829E820A349 /* Debug */ = {
			isa = XCBuildConfiguration;
			buildSettings = {
				ALWAYS_SEARCH_USER_PATHS = NO;
				CLANG_ANALYZER_NONNULL = YES;
				CLANG_ANALYZER_NUMBER_OBJECT_CONVERSION = YES_AGGRESSIVE;
				CLANG_CXX_LANGUAGE_STANDARD = "gnu++14";
				CLANG_CXX_LIBRARY = "libc++";
				CLANG_ENABLE_MODULES = YES;
				CLANG_ENABLE_OBJC_ARC = YES;
				CLANG_ENABLE_OBJC_WEAK = YES;
				CLANG_WARN_BLOCK_CAPTURE_AUTORELEASING = YES;
				CLANG_WARN_BOOL_CONVERSION = YES;
				CLANG_WARN_COMMA = YES;
				CLANG_WARN_CONSTANT_CONVERSION = YES;
				CLANG_WARN_DEPRECATED_OBJC_IMPLEMENTATIONS = YES;
				CLANG_WARN_DIRECT_OBJC_ISA_USAGE = YES_ERROR;
				CLANG_WARN_DOCUMENTATION_COMMENTS = YES;
				CLANG_WARN_EMPTY_BODY = YES;
				CLANG_WARN_ENUM_CONVERSION = YES;
				CLANG_WARN_INFINITE_RECURSION = YES;
				CLANG_WARN_INT_CONVERSION = YES;
				CLANG_WARN_NON_LITERAL_NULL_CONVERSION = YES;
				CLANG_WARN_OBJC_IMPLICIT_RETAIN_SELF = YES;
				CLANG_WARN_OBJC_LITERAL_CONVERSION = YES;
				CLANG_WARN_OBJC_ROOT_CLASS = YES_ERROR;
				CLANG_WARN_QUOTED_INCLUDE_IN_FRAMEWORK_HEADER = YES;
				CLANG_WARN_RANGE_LOOP_ANALYSIS = YES;
				CLANG_WARN_STRICT_PROTOTYPES = YES;
				CLANG_WARN_SUSPICIOUS_MOVE = YES;
				CLANG_WARN_UNGUARDED_AVAILABILITY = YES_AGGRESSIVE;
				CLANG_WARN_UNREACHABLE_CODE = YES;
				CLANG_WARN__DUPLICATE_METHOD_MATCH = YES;
				COPY_PHASE_STRIP = NO;
				CURRENT_PROJECT_VERSION = 1;
				DEBUG_INFORMATION_FORMAT = dwarf;
				ENABLE_STRICT_OBJC_MSGSEND = YES;
				ENABLE_TESTABILITY = YES;
				GCC_C_LANGUAGE_STANDARD = gnu11;
				GCC_DYNAMIC_NO_PIC = NO;
				GCC_NO_COMMON_BLOCKS = YES;
				GCC_OPTIMIZATION_LEVEL = 0;
				GCC_PREPROCESSOR_DEFINITIONS = (
					"$(inherited)",
					"DEBUG=1",
				);
				GCC_WARN_64_TO_32_BIT_CONVERSION = YES;
				GCC_WARN_ABOUT_RETURN_TYPE = YES_ERROR;
				GCC_WARN_UNDECLARED_SELECTOR = YES;
				GCC_WARN_UNINITIALIZED_AUTOS = YES_AGGRESSIVE;
				GCC_WARN_UNUSED_FUNCTION = YES;
				GCC_WARN_UNUSED_VARIABLE = YES;
				IPHONEOS_DEPLOYMENT_TARGET = 12.0;
				MARKETING_VERSION = 1.0.0;
				MTL_ENABLE_DEBUG_INFO = INCLUDE_SOURCE;
				MTL_FAST_MATH = YES;
				ONLY_ACTIVE_ARCH = YES;
				PRODUCT_NAME = "$(TARGET_NAME)";
				SDKROOT = iphoneos;
				SWIFT_ACTIVE_COMPILATION_CONDITIONS = DEBUG;
				SWIFT_OPTIMIZATION_LEVEL = "-Onone";
				SWIFT_VERSION = 5.0;
			};
			name = Debug;
		};
/* End XCBuildConfiguration section */

/* Begin XCConfigurationList section */
		2557384DB91FFBC8B78A3DC4 /* Build configuration list for PBXNativeTarget "Example" */ = {
			isa = XCConfigurationList;
			buildConfigurations = (
				6F2752D853BD4392F414E20B /* Debug */,
				6ABAA1DE6625CDA89D5F4C14 /* Release */,
			);
			defaultConfigurationIsVisible = 0;
			defaultConfigurationName = Debug;
		};
		36FC72E69D906F48675C62BF /* Build configuration list for PBXProject "Example" */ = {
			isa = XCConfigurationList;
			buildConfigurations = (
				F92DAFD0CD6CB829E820A349 /* Debug */,
				398A5AFCD69E760DF19875AD /* Release */,
			);
			defaultConfigurationIsVisible = 0;
			defaultConfigurationName = Debug;
		};
/* End XCConfigurationList section */
	};
	rootObject = CA8E1E974698BC95958F017F /* Project object */;
}
